// !$*UTF8*$!
{
	archiveVersion = 1;
	classes = {
	};
	objectVersion = 55;
	objects = {

/* Begin PBXBuildFile section */
		8E92FE952852FBC70053419D /* IndicatorCell.swift in Sources */ = {isa = PBXBuildFile; fileRef = 8E92FE942852FBC70053419D /* IndicatorCell.swift */; };
		8EB49086284CDE7C00F2F430 /* AppDelegate.swift in Sources */ = {isa = PBXBuildFile; fileRef = 8EB49085284CDE7C00F2F430 /* AppDelegate.swift */; };
		8EB49088284CDE7C00F2F430 /* SceneDelegate.swift in Sources */ = {isa = PBXBuildFile; fileRef = 8EB49087284CDE7C00F2F430 /* SceneDelegate.swift */; };
		8EB4908D284CDE7C00F2F430 /* Main.storyboard in Resources */ = {isa = PBXBuildFile; fileRef = 8EB4908B284CDE7C00F2F430 /* Main.storyboard */; };
		8EB4908F284CDE7D00F2F430 /* Assets.xcassets in Resources */ = {isa = PBXBuildFile; fileRef = 8EB4908E284CDE7D00F2F430 /* Assets.xcassets */; };
		8EB49092284CDE7D00F2F430 /* LaunchScreen.storyboard in Resources */ = {isa = PBXBuildFile; fileRef = 8EB49090284CDE7D00F2F430 /* LaunchScreen.storyboard */; };
		8EB4909B284CDF4A00F2F430 /* ContentListingModel.swift in Sources */ = {isa = PBXBuildFile; fileRef = 8EB4909A284CDF4A00F2F430 /* ContentListingModel.swift */; };
		8EB490A0284CE03600F2F430 /* CONTENTLISTINGPAGE-PAGE1.json in Resources */ = {isa = PBXBuildFile; fileRef = 8EB4909D284CE03600F2F430 /* CONTENTLISTINGPAGE-PAGE1.json */; };
		8EB490A1284CE03600F2F430 /* CONTENTLISTINGPAGE-PAGE3.json in Resources */ = {isa = PBXBuildFile; fileRef = 8EB4909E284CE03600F2F430 /* CONTENTLISTINGPAGE-PAGE3.json */; };
		8EB490A2284CE03600F2F430 /* CONTENTLISTINGPAGE-PAGE2.json in Resources */ = {isa = PBXBuildFile; fileRef = 8EB4909F284CE03600F2F430 /* CONTENTLISTINGPAGE-PAGE2.json */; };
		8EB490A5284CE07700F2F430 /* ContentListingVM.swift in Sources */ = {isa = PBXBuildFile; fileRef = 8EB490A4284CE07700F2F430 /* ContentListingVM.swift */; };
		8EB490A9284DD21800F2F430 /* DetailVC.swift in Sources */ = {isa = PBXBuildFile; fileRef = 8EB490A8284DD21800F2F430 /* DetailVC.swift */; };
		8EB490AC284DD50E00F2F430 /* Dynamic.swift in Sources */ = {isa = PBXBuildFile; fileRef = 8EB490AB284DD50E00F2F430 /* Dynamic.swift */; };
		8EB490AE284DD9B700F2F430 /* CollectionViewCell.swift in Sources */ = {isa = PBXBuildFile; fileRef = 8EB490AD284DD9B700F2F430 /* CollectionViewCell.swift */; };
		8EB490B2284E084200F2F430 /* CollectionViewCell.xib in Resources */ = {isa = PBXBuildFile; fileRef = 8EB490B0284E084200F2F430 /* CollectionViewCell.xib */; };
/* End PBXBuildFile section */

/* Begin PBXFileReference section */
		8E92FE942852FBC70053419D /* IndicatorCell.swift */ = {isa = PBXFileReference; lastKnownFileType = sourcecode.swift; path = IndicatorCell.swift; sourceTree = "<group>"; };
		8EB49082284CDE7C00F2F430 /* assignment.app */ = {isa = PBXFileReference; explicitFileType = wrapper.application; includeInIndex = 0; path = assignment.app; sourceTree = BUILT_PRODUCTS_DIR; };
		8EB49085284CDE7C00F2F430 /* AppDelegate.swift */ = {isa = PBXFileReference; lastKnownFileType = sourcecode.swift; path = AppDelegate.swift; sourceTree = "<group>"; };
		8EB49087284CDE7C00F2F430 /* SceneDelegate.swift */ = {isa = PBXFileReference; lastKnownFileType = sourcecode.swift; path = SceneDelegate.swift; sourceTree = "<group>"; };
		8EB4908C284CDE7C00F2F430 /* Base */ = {isa = PBXFileReference; lastKnownFileType = file.storyboard; name = Base; path = Base.lproj/Main.storyboard; sourceTree = "<group>"; };
		8EB4908E284CDE7D00F2F430 /* Assets.xcassets */ = {isa = PBXFileReference; lastKnownFileType = folder.assetcatalog; path = Assets.xcassets; sourceTree = "<group>"; };
		8EB49091284CDE7D00F2F430 /* Base */ = {isa = PBXFileReference; lastKnownFileType = file.storyboard; name = Base; path = Base.lproj/LaunchScreen.storyboard; sourceTree = "<group>"; };
		8EB49093284CDE7D00F2F430 /* Info.plist */ = {isa = PBXFileReference; lastKnownFileType = text.plist.xml; path = Info.plist; sourceTree = "<group>"; };
		8EB4909A284CDF4A00F2F430 /* ContentListingModel.swift */ = {isa = PBXFileReference; lastKnownFileType = sourcecode.swift; path = ContentListingModel.swift; sourceTree = "<group>"; };
		8EB4909D284CE03600F2F430 /* CONTENTLISTINGPAGE-PAGE1.json */ = {isa = PBXFileReference; fileEncoding = 4; lastKnownFileType = text.json; path = "CONTENTLISTINGPAGE-PAGE1.json"; sourceTree = "<group>"; };
		8EB4909E284CE03600F2F430 /* CONTENTLISTINGPAGE-PAGE3.json */ = {isa = PBXFileReference; fileEncoding = 4; lastKnownFileType = text.json; path = "CONTENTLISTINGPAGE-PAGE3.json"; sourceTree = "<group>"; };
		8EB4909F284CE03600F2F430 /* CONTENTLISTINGPAGE-PAGE2.json */ = {isa = PBXFileReference; fileEncoding = 4; lastKnownFileType = text.json; path = "CONTENTLISTINGPAGE-PAGE2.json"; sourceTree = "<group>"; };
		8EB490A4284CE07700F2F430 /* ContentListingVM.swift */ = {isa = PBXFileReference; lastKnownFileType = sourcecode.swift; path = ContentListingVM.swift; sourceTree = "<group>"; };
		8EB490A8284DD21800F2F430 /* DetailVC.swift */ = {isa = PBXFileReference; lastKnownFileType = sourcecode.swift; path = DetailVC.swift; sourceTree = "<group>"; };
		8EB490AB284DD50E00F2F430 /* Dynamic.swift */ = {isa = PBXFileReference; lastKnownFileType = sourcecode.swift; path = Dynamic.swift; sourceTree = "<group>"; };
		8EB490AD284DD9B700F2F430 /* CollectionViewCell.swift */ = {isa = PBXFileReference; lastKnownFileType = sourcecode.swift; path = CollectionViewCell.swift; sourceTree = "<group>"; };
		8EB490B0284E084200F2F430 /* CollectionViewCell.xib */ = {isa = PBXFileReference; lastKnownFileType = file.xib; path = CollectionViewCell.xib; sourceTree = "<group>"; };
/* End PBXFileReference section */

/* Begin PBXFrameworksBuildPhase section */
		8EB4907F284CDE7C00F2F430 /* Frameworks */ = {
			isa = PBXFrameworksBuildPhase;
			buildActionMask = 2147483647;
			files = (
			);
			runOnlyForDeploymentPostprocessing = 0;
		};
/* End PBXFrameworksBuildPhase section */

/* Begin PBXGroup section */
		8EB49079284CDE7C00F2F430 = {
			isa = PBXGroup;
			children = (
				8EB49084284CDE7C00F2F430 /* assignment */,
				8EB49083284CDE7C00F2F430 /* Products */,
			);
			sourceTree = "<group>";
		};
		8EB49083284CDE7C00F2F430 /* Products */ = {
			isa = PBXGroup;
			children = (
				8EB49082284CDE7C00F2F430 /* assignment.app */,
			);
			name = Products;
			sourceTree = "<group>";
		};
		8EB49084284CDE7C00F2F430 /* assignment */ = {
			isa = PBXGroup;
			children = (
				8EB490AA284DD4F600F2F430 /* Utilities */,
				8EB490A6284DD1B400F2F430 /* DetailVC */,
				8EB4909C284CE03600F2F430 /* API */,
				8EB49085284CDE7C00F2F430 /* AppDelegate.swift */,
				8EB49087284CDE7C00F2F430 /* SceneDelegate.swift */,
				8EB4908B284CDE7C00F2F430 /* Main.storyboard */,
				8EB4908E284CDE7D00F2F430 /* Assets.xcassets */,
				8EB49090284CDE7D00F2F430 /* LaunchScreen.storyboard */,
				8EB49093284CDE7D00F2F430 /* Info.plist */,
			);
			path = assignment;
			sourceTree = "<group>";
		};
		8EB49099284CDF2700F2F430 /* Model */ = {
			isa = PBXGroup;
			children = (
				8EB4909A284CDF4A00F2F430 /* ContentListingModel.swift */,
			);
			path = Model;
			sourceTree = "<group>";
		};
		8EB4909C284CE03600F2F430 /* API */ = {
			isa = PBXGroup;
			children = (
				8EB4909D284CE03600F2F430 /* CONTENTLISTINGPAGE-PAGE1.json */,
				8EB4909E284CE03600F2F430 /* CONTENTLISTINGPAGE-PAGE3.json */,
				8EB4909F284CE03600F2F430 /* CONTENTLISTINGPAGE-PAGE2.json */,
			);
			path = API;
			sourceTree = "<group>";
		};
		8EB490A3284CE06300F2F430 /* ViewModel */ = {
			isa = PBXGroup;
			children = (
				8EB490A4284CE07700F2F430 /* ContentListingVM.swift */,
			);
			path = ViewModel;
			sourceTree = "<group>";
		};
		8EB490A6284DD1B400F2F430 /* DetailVC */ = {
			isa = PBXGroup;
			children = (
				8EB490A8284DD21800F2F430 /* DetailVC.swift */,
				8EB49099284CDF2700F2F430 /* Model */,
				8EB490A3284CE06300F2F430 /* ViewModel */,
				8EB490B3284E425A00F2F430 /* CollectionViewCell */,
			);
			path = DetailVC;
			sourceTree = "<group>";
		};
		8EB490AA284DD4F600F2F430 /* Utilities */ = {
			isa = PBXGroup;
			children = (
				8EB490AB284DD50E00F2F430 /* Dynamic.swift */,
			);
			path = Utilities;
			sourceTree = "<group>";
		};
		8EB490B3284E425A00F2F430 /* CollectionViewCell */ = {
			isa = PBXGroup;
			children = (
				8EB490AD284DD9B700F2F430 /* CollectionViewCell.swift */,
				8EB490B0284E084200F2F430 /* CollectionViewCell.xib */,
				8E92FE942852FBC70053419D /* IndicatorCell.swift */,
			);
			path = CollectionViewCell;
			sourceTree = "<group>";
		};
/* End PBXGroup section */

/* Begin PBXNativeTarget section */
		8EB49081284CDE7C00F2F430 /* assignment */ = {
			isa = PBXNativeTarget;
			buildConfigurationList = 8EB49096284CDE7D00F2F430 /* Build configuration list for PBXNativeTarget "assignment" */;
			buildPhases = (
				8EB4907E284CDE7C00F2F430 /* Sources */,
				8EB4907F284CDE7C00F2F430 /* Frameworks */,
				8EB49080284CDE7C00F2F430 /* Resources */,
			);
			buildRules = (
			);
			dependencies = (
			);
			name = assignment;
			productName = assignment;
			productReference = 8EB49082284CDE7C00F2F430 /* assignment.app */;
			productType = "com.apple.product-type.application";
		};
/* End PBXNativeTarget section */

/* Begin PBXProject section */
		8EB4907A284CDE7C00F2F430 /* Project object */ = {
			isa = PBXProject;
			attributes = {
				BuildIndependentTargetsInParallel = 1;
				LastSwiftUpdateCheck = 1330;
				LastUpgradeCheck = 1330;
				TargetAttributes = {
					8EB49081284CDE7C00F2F430 = {
						CreatedOnToolsVersion = 13.3;
					};
				};
			};
			buildConfigurationList = 8EB4907D284CDE7C00F2F430 /* Build configuration list for PBXProject "assignment" */;
			compatibilityVersion = "Xcode 13.0";
			developmentRegion = en;
			hasScannedForEncodings = 0;
			knownRegions = (
				en,
				Base,
			);
			mainGroup = 8EB49079284CDE7C00F2F430;
			productRefGroup = 8EB49083284CDE7C00F2F430 /* Products */;
			projectDirPath = "";
			projectRoot = "";
			targets = (
				8EB49081284CDE7C00F2F430 /* assignment */,
			);
		};
/* End PBXProject section */

/* Begin PBXResourcesBuildPhase section */
		8EB49080284CDE7C00F2F430 /* Resources */ = {
			isa = PBXResourcesBuildPhase;
			buildActionMask = 2147483647;
			files = (
				8EB49092284CDE7D00F2F430 /* LaunchScreen.storyboard in Resources */,
				8EB490B2284E084200F2F430 /* CollectionViewCell.xib in Resources */,
				8EB490A1284CE03600F2F430 /* CONTENTLISTINGPAGE-PAGE3.json in Resources */,
				8EB4908F284CDE7D00F2F430 /* Assets.xcassets in Resources */,
				8EB490A2284CE03600F2F430 /* CONTENTLISTINGPAGE-PAGE2.json in Resources */,
				8EB490A0284CE03600F2F430 /* CONTENTLISTINGPAGE-PAGE1.json in Resources */,
				8EB4908D284CDE7C00F2F430 /* Main.storyboard in Resources */,
			);
			runOnlyForDeploymentPostprocessing = 0;
		};
/* End PBXResourcesBuildPhase section */

/* Begin PBXSourcesBuildPhase section */
		8EB4907E284CDE7C00F2F430 /* Sources */ = {
			isa = PBXSourcesBuildPhase;
			buildActionMask = 2147483647;
			files = (
				8EB4909B284CDF4A00F2F430 /* ContentListingModel.swift in Sources */,
				8E92FE952852FBC70053419D /* IndicatorCell.swift in Sources */,
				8EB490A5284CE07700F2F430 /* ContentListingVM.swift in Sources */,
				8EB490AE284DD9B700F2F430 /* CollectionViewCell.swift in Sources */,
				8EB490AC284DD50E00F2F430 /* Dynamic.swift in Sources */,
				8EB49086284CDE7C00F2F430 /* AppDelegate.swift in Sources */,
				8EB49088284CDE7C00F2F430 /* SceneDelegate.swift in Sources */,
				8EB490A9284DD21800F2F430 /* DetailVC.swift in Sources */,
			);
			runOnlyForDeploymentPostprocessing = 0;
		};
/* End PBXSourcesBuildPhase section */

/* Begin PBXVariantGroup section */
		8EB4908B284CDE7C00F2F430 /* Main.storyboard */ = {
			isa = PBXVariantGroup;
			children = (
				8EB4908C284CDE7C00F2F430 /* Base */,
			);
			name = Main.storyboard;
			sourceTree = "<group>";
		};
		8EB49090284CDE7D00F2F430 /* LaunchScreen.storyboard */ = {
			isa = PBXVariantGroup;
			children = (
				8EB49091284CDE7D00F2F430 /* Base */,
			);
			name = LaunchScreen.storyboard;
			sourceTree = "<group>";
		};
/* End PBXVariantGroup section */

/* Begin XCBuildConfiguration section */
		8EB49094284CDE7D00F2F430 /* Debug */ = {
			isa = XCBuildConfiguration;
			buildSettings = {
				ALWAYS_SEARCH_USER_PATHS = NO;
				CLANG_ANALYZER_NONNULL = YES;
				CLANG_ANALYZER_NUMBER_OBJECT_CONVERSION = YES_AGGRESSIVE;
				CLANG_CXX_LANGUAGE_STANDARD = "gnu++17";
				CLANG_ENABLE_MODULES = YES;
				CLANG_ENABLE_OBJC_ARC = YES;
				CLANG_ENABLE_OBJC_WEAK = YES;
				CLANG_WARN_BLOCK_CAPTURE_AUTORELEASING = YES;
				CLANG_WARN_BOOL_CONVERSION = YES;
				CLANG_WARN_COMMA = YES;
				CLANG_WARN_CONSTANT_CONVERSION = YES;
				CLANG_WARN_DEPRECATED_OBJC_IMPLEMENTATIONS = YES;
				CLANG_WARN_DIRECT_OBJC_ISA_USAGE = YES_ERROR;
				CLANG_WARN_DOCUMENTATION_COMMENTS = YES;
				CLANG_WARN_EMPTY_BODY = YES;
				CLANG_WARN_ENUM_CONVERSION = YES;
				CLANG_WARN_INFINITE_RECURSION = YES;
				CLANG_WARN_INT_CONVERSION = YES;
				CLANG_WARN_NON_LITERAL_NULL_CONVERSION = YES;
				CLANG_WARN_OBJC_IMPLICIT_RETAIN_SELF = YES;
				CLANG_WARN_OBJC_LITERAL_CONVERSION = YES;
				CLANG_WARN_OBJC_ROOT_CLASS = YES_ERROR;
				CLANG_WARN_QUOTED_INCLUDE_IN_FRAMEWORK_HEADER = YES;
				CLANG_WARN_RANGE_LOOP_ANALYSIS = YES;
				CLANG_WARN_STRICT_PROTOTYPES = YES;
				CLANG_WARN_SUSPICIOUS_MOVE = YES;
				CLANG_WARN_UNGUARDED_AVAILABILITY = YES_AGGRESSIVE;
				CLANG_WARN_UNREACHABLE_CODE = YES;
				CLANG_WARN__DUPLICATE_METHOD_MATCH = YES;
				COPY_PHASE_STRIP = NO;
				DEBUG_INFORMATION_FORMAT = dwarf;
				ENABLE_STRICT_OBJC_MSGSEND = YES;
				ENABLE_TESTABILITY = YES;
				GCC_C_LANGUAGE_STANDARD = gnu11;
				GCC_DYNAMIC_NO_PIC = NO;
				GCC_NO_COMMON_BLOCKS = YES;
				GCC_OPTIMIZATION_LEVEL = 0;
				GCC_PREPROCESSOR_DEFINITIONS = (
					"DEBUG=1",
					"$(inherited)",
				);
				GCC_WARN_64_TO_32_BIT_CONVERSION = YES;
				GCC_WARN_ABOUT_RETURN_TYPE = YES_ERROR;
				GCC_WARN_UNDECLARED_SELECTOR = YES;
				GCC_WARN_UNINITIALIZED_AUTOS = YES_AGGRESSIVE;
				GCC_WARN_UNUSED_FUNCTION = YES;
				GCC_WARN_UNUSED_VARIABLE = YES;
				IPHONEOS_DEPLOYMENT_TARGET = 15.4;
				MTL_ENABLE_DEBUG_INFO = INCLUDE_SOURCE;
				MTL_FAST_MATH = YES;
				ONLY_ACTIVE_ARCH = YES;
				SDKROOT = iphoneos;
				SWIFT_ACTIVE_COMPILATION_CONDITIONS = DEBUG;
				SWIFT_OPTIMIZATION_LEVEL = "-Onone";
			};
			name = Debug;
		};
		8EB49095284CDE7D00F2F430 /* Release */ = {
			isa = XCBuildConfiguration;
			buildSettings = {
				ALWAYS_SEARCH_USER_PATHS = NO;
				CLANG_ANALYZER_NONNULL = YES;
				CLANG_ANALYZER_NUMBER_OBJECT_CONVERSION = YES_AGGRESSIVE;
				CLANG_CXX_LANGUAGE_STANDARD = "gnu++17";
				CLANG_ENABLE_MODULES = YES;
				CLANG_ENABLE_OBJC_ARC = YES;
				CLANG_ENABLE_OBJC_WEAK = YES;
				CLANG_WARN_BLOCK_CAPTURE_AUTORELEASING = YES;
				CLANG_WARN_BOOL_CONVERSION = YES;
				CLANG_WARN_COMMA = YES;
				CLANG_WARN_CONSTANT_CONVERSION = YES;
				CLANG_WARN_DEPRECATED_OBJC_IMPLEMENTATIONS = YES;
				CLANG_WARN_DIRECT_OBJC_ISA_USAGE = YES_ERROR;
				CLANG_WARN_DOCUMENTATION_COMMENTS = YES;
				CLANG_WARN_EMPTY_BODY = YES;
				CLANG_WARN_ENUM_CONVERSION = YES;
				CLANG_WARN_INFINITE_RECURSION = YES;
				CLANG_WARN_INT_CONVERSION = YES;
				CLANG_WARN_NON_LITERAL_NULL_CONVERSION = YES;
				CLANG_WARN_OBJC_IMPLICIT_RETAIN_SELF = YES;
				CLANG_WARN_OBJC_LITERAL_CONVERSION = YES;
				CLANG_WARN_OBJC_ROOT_CLASS = YES_ERROR;
				CLANG_WARN_QUOTED_INCLUDE_IN_FRAMEWORK_HEADER = YES;
				CLANG_WARN_RANGE_LOOP_ANALYSIS = YES;
				CLANG_WARN_STRICT_PROTOTYPES = YES;
				CLANG_WARN_SUSPICIOUS_MOVE = YES;
				CLANG_WARN_UNGUARDED_AVAILABILITY = YES_AGGRESSIVE;
				CLANG_WARN_UNREACHABLE_CODE = YES;
				CLANG_WARN__DUPLICATE_METHOD_MATCH = YES;
				COPY_PHASE_STRIP = NO;
				DEBUG_INFORMATION_FORMAT = "dwarf-with-dsym";
				ENABLE_NS_ASSERTIONS = NO;
				ENABLE_STRICT_OBJC_MSGSEND = YES;
				GCC_C_LANGUAGE_STANDARD = gnu11;
				GCC_NO_COMMON_BLOCKS = YES;
				GCC_WARN_64_TO_32_BIT_CONVERSION = YES;
				GCC_WARN_ABOUT_RETURN_TYPE = YES_ERROR;
				GCC_WARN_UNDECLARED_SELECTOR = YES;
				GCC_WARN_UNINITIALIZED_AUTOS = YES_AGGRESSIVE;
				GCC_WARN_UNUSED_FUNCTION = YES;
				GCC_WARN_UNUSED_VARIABLE = YES;
				IPHONEOS_DEPLOYMENT_TARGET = 15.4;
				MTL_ENABLE_DEBUG_INFO = NO;
				MTL_FAST_MATH = YES;
				SDKROOT = iphoneos;
				SWIFT_COMPILATION_MODE = wholemodule;
				SWIFT_OPTIMIZATION_LEVEL = "-O";
				VALIDATE_PRODUCT = YES;
			};
			name = Release;
		};
		8EB49097284CDE7D00F2F430 /* Debug */ = {
			isa = XCBuildConfiguration;
			buildSettings = {
				ASSETCATALOG_COMPILER_APPICON_NAME = AppIcon;
				ASSETCATALOG_COMPILER_GLOBAL_ACCENT_COLOR_NAME = AccentColor;
				CODE_SIGN_STYLE = Automatic;
				CURRENT_PROJECT_VERSION = 1;
				DEVELOPMENT_TEAM = AA9JF4C997;
				GENERATE_INFOPLIST_FILE = YES;
				INFOPLIST_FILE = assignment/Info.plist;
				INFOPLIST_KEY_UIApplicationSupportsIndirectInputEvents = YES;
				INFOPLIST_KEY_UILaunchStoryboardName = LaunchScreen;
				INFOPLIST_KEY_UIMainStoryboardFile = Main;
				INFOPLIST_KEY_UISupportedInterfaceOrientations_iPad = "UIInterfaceOrientationPortrait UIInterfaceOrientationPortraitUpsideDown UIInterfaceOrientationLandscapeLeft UIInterfaceOrientationLandscapeRight";
				INFOPLIST_KEY_UISupportedInterfaceOrientations_iPhone = "UIInterfaceOrientationPortrait UIInterfaceOrientationLandscapeLeft UIInterfaceOrientationLandscapeRight";
				LD_RUNPATH_SEARCH_PATHS = (
					"$(inherited)",
					"@executable_path/Frameworks",
				);
				MARKETING_VERSION = 1.0;
				PRODUCT_BUNDLE_IDENTIFIER = com.macv.assignment;
				PRODUCT_NAME = "$(TARGET_NAME)";
				SWIFT_EMIT_LOC_STRINGS = YES;
				SWIFT_VERSION = 5.0;
				TARGETED_DEVICE_FAMILY = "1,2";
			};
			name = Debug;
		};
		8EB49098284CDE7D00F2F430 /* Release */ = {
			isa = XCBuildConfiguration;
			buildSettings = {
				ASSETCATALOG_COMPILER_APPICON_NAME = AppIcon;
				ASSETCATALOG_COMPILER_GLOBAL_ACCENT_COLOR_NAME = AccentColor;
				CODE_SIGN_STYLE = Automatic;
				CURRENT_PROJECT_VERSION = 1;
				DEVELOPMENT_TEAM = AA9JF4C997;
				GENERATE_INFOPLIST_FILE = YES;
				INFOPLIST_FILE = assignment/Info.plist;
				INFOPLIST_KEY_UIApplicationSupportsIndirectInputEvents = YES;
				INFOPLIST_KEY_UILaunchStoryboardName = LaunchScreen;
				INFOPLIST_KEY_UIMainStoryboardFile = Main;
				INFOPLIST_KEY_UISupportedInterfaceOrientations_iPad = "UIInterfaceOrientationPortrait UIInterfaceOrientationPortraitUpsideDown UIInterfaceOrientationLandscapeLeft UIInterfaceOrientationLandscapeRight";
				INFOPLIST_KEY_UISupportedInterfaceOrientations_iPhone = "UIInterfaceOrientationPortrait UIInterfaceOrientationLandscapeLeft UIInterfaceOrientationLandscapeRight";
				LD_RUNPATH_SEARCH_PATHS = (
					"$(inherited)",
					"@executable_path/Frameworks",
				);
				MARKETING_VERSION = 1.0;
				PRODUCT_BUNDLE_IDENTIFIER = com.macv.assignment;
				PRODUCT_NAME = "$(TARGET_NAME)";
				SWIFT_EMIT_LOC_STRINGS = YES;
				SWIFT_VERSION = 5.0;
				TARGETED_DEVICE_FAMILY = "1,2";
			};
			name = Release;
		};
/* End XCBuildConfiguration section */

/* Begin XCConfigurationList section */
		8EB4907D284CDE7C00F2F430 /* Build configuration list for PBXProject "assignment" */ = {
			isa = XCConfigurationList;
			buildConfigurations = (
				8EB49094284CDE7D00F2F430 /* Debug */,
				8EB49095284CDE7D00F2F430 /* Release */,
			);
			defaultConfigurationIsVisible = 0;
			defaultConfigurationName = Release;
		};
		8EB49096284CDE7D00F2F430 /* Build configuration list for PBXNativeTarget "assignment" */ = {
			isa = XCConfigurationList;
			buildConfigurations = (
				8EB49097284CDE7D00F2F430 /* Debug */,
				8EB49098284CDE7D00F2F430 /* Release */,
			);
			defaultConfigurationIsVisible = 0;
			defaultConfigurationName = Release;
		};
/* End XCConfigurationList section */
	};
	rootObject = 8EB4907A284CDE7C00F2F430 /* Project object */;
}
